{
  "name": "hotwire-livereload",
  "requires": true,
  "lockfileVersion": 1,
  "dependencies": {
    "@hotwired/turbo": {
      "version": "7.2.0",
      "resolved": "https://registry.npmjs.org/@hotwired/turbo/-/turbo-7.2.0.tgz",
      "integrity": "sha512-CYr6N9NfqsjhmZx1xVQ8zYcDo4hTm7sTUpJydbNgMRyG+YfF/9ADIQQ2TtcBdkl2zi/12a3OTWX0UMzNZnAK9w=="
    },
    "@hotwired/turbo-rails": {
      "version": "7.2.0",
      "resolved": "https://registry.npmjs.org/@hotwired/turbo-rails/-/turbo-rails-7.2.0.tgz",
      "integrity": "sha512-RxJJGINeLa2lyI078LLSbqZDI7RarxTDMVlgKnsLvtFEn8Pa7ySEcDUxHp5YiLXGbLacAIH/dcfD0JfCWe5Dqw==",
      "requires": {
        "@hotwired/turbo": "^7.2.0",
        "@rails/actioncable": "^7.0"
      },
      "dependencies": {
        "@rails/actioncable": {
          "version": "7.0.4",
          "resolved": "https://registry.npmjs.org/@rails/actioncable/-/actioncable-7.0.4.tgz",
          "integrity": "sha512-tz4oM+Zn9CYsvtyicsa/AwzKZKL+ITHWkhiu7x+xF77clh2b4Rm+s6xnOgY/sGDWoFWZmtKsE95hxBPkgQQNnQ=="
        }
      }
    },
    "@rails/actioncable": {
      "version": "6.1.4-1",
      "resolved": "https://registry.npmjs.org/@rails/actioncable/-/actioncable-6.1.4-1.tgz",
      "integrity": "sha512-b6sLoMop3gX22Wm2P5LPpKcZGwsf1ZoAGS+g1HrTrdlsZ/ENOKIBiSNnHOJajHwcYlF0TefBs7e7jIYZHVYihQ=="
    },
    "debounce": {
      "version": "1.2.1",
      "resolved": "https://registry.npmjs.org/debounce/-/debounce-1.2.1.tgz",
      "integrity": "sha512-XRRe6Glud4rd/ZGQfiV1ruXSfbvfJedlV9Y6zOlP+2K04vBYiJEte6stfFkCP03aMnY5tsipamumUjL14fofug=="
    },
    "esbuild": {
      "version": "0.12.25",
      "resolved": "https://registry.npmjs.org/esbuild/-/esbuild-0.12.25.tgz",
      "integrity": "sha512-woie0PosbRSoN8gQytrdCzUbS2ByKgO8nD1xCZkEup3D9q92miCze4PqEI9TZDYAuwn6CruEnQpJxgTRWdooAg=="
    }
  }
}
